
Microsoft Visual Studio Solution File, Format Version 12.00
# Visual Studio Version 17
VisualStudioVersion = 17.14.36301.6 d17.14
MinimumVisualStudioVersion = 10.0.40219.1
Project("{FAE04EC0-301F-11D3-BF4B-00C04F79EFBC}") = "PingReply", "PingReply\PingReply.csproj", "{CEA6E2B6-B910-457E-BAC5-8A33DA0B3D17}"
EndProject
Global
	GlobalSection(SolutionConfigurationPlatforms) = preSolution
		Debug|Any CPU = Debug|Any CPU
		Release|Any CPU = Release|Any CPU
	EndGlobalSection
	GlobalSection(ProjectConfigurationPlatforms) = postSolution
		{CEA6E2B6-B910-457E-BAC5-8A33DA0B3D17}.Debug|Any CPU.ActiveCfg = Debug|Any CPU
		{CEA6E2B6-B910-457E-BAC5-8A33DA0B3D17}.Debug|Any CPU.Build.0 = Debug|Any CPU
		{CEA6E2B6-B910-457E-BAC5-8A33DA0B3D17}.Release|Any CPU.ActiveCfg = Release|Any CPU
		{CEA6E2B6-B910-457E-BAC5-8A33DA0B3D17}.Release|Any CPU.Build.0 = Release|Any CPU
	EndGlobalSection
	GlobalSection(SolutionProperties) = preSolution
		HideSolutionNode = FALSE
	EndGlobalSection
	GlobalSection(ExtensibilityGlobals) = postSolution
		SolutionGuid = {9E5C4BAC-C46D-4F8B-B242-2B4E7F8274E9}
	EndGlobalSection
EndGlobal
